// !$*UTF8*$!
{
	archiveVersion = 1;
	classes = {
	};
	objectVersion = 46;
	objects = {

/* Begin PBXBuildFile section */
		94D33B7A1CD68C7F00EC52DF /* AppDelegate.swift in Sources */ = {isa = PBXBuildFile; fileRef = 94D33B791CD68C7F00EC52DF /* AppDelegate.swift */; };
		94D33B7C1CD68C7F00EC52DF /* ViewController.swift in Sources */ = {isa = PBXBuildFile; fileRef = 94D33B7B1CD68C7F00EC52DF /* ViewController.swift */; };
		94D33B7F1CD68C7F00EC52DF /* Main.storyboard in Resources */ = {isa = PBXBuildFile; fileRef = 94D33B7D1CD68C7F00EC52DF /* Main.storyboard */; };
		94D33B811CD68C7F00EC52DF /* Assets.xcassets in Resources */ = {isa = PBXBuildFile; fileRef = 94D33B801CD68C7F00EC52DF /* Assets.xcassets */; };
		94D33B841CD68C7F00EC52DF /* LaunchScreen.storyboard in Resources */ = {isa = PBXBuildFile; fileRef = 94D33B821CD68C7F00EC52DF /* LaunchScreen.storyboard */; };
/* End PBXBuildFile section */

/* Begin PBXFileReference section */
		94D33B761CD68C7F00EC52DF /* Attributed String Editor.app */ = {isa = PBXFileReference; explicitFileType = wrapper.application; includeInIndex = 0; path = "Attributed String Editor.app"; sourceTree = BUILT_PRODUCTS_DIR; };
		94D33B791CD68C7F00EC52DF /* AppDelegate.swift */ = {isa = PBXFileReference; lastKnownFileType = sourcecode.swift; path = AppDelegate.swift; sourceTree = "<group>"; };
		94D33B7B1CD68C7F00EC52DF /* ViewController.swift */ = {isa = PBXFileReference; lastKnownFileType = sourcecode.swift; path = ViewController.swift; sourceTree = "<group>"; };
		94D33B7E1CD68C7F00EC52DF /* Base */ = {isa = PBXFileReference; lastKnownFileType = file.storyboard; name = Base; path = Base.lproj/Main.storyboard; sourceTree = "<group>"; };
		94D33B801CD68C7F00EC52DF /* Assets.xcassets */ = {isa = PBXFileReference; lastKnownFileType = folder.assetcatalog; path = Assets.xcassets; sourceTree = "<group>"; };
		94D33B831CD68C7F00EC52DF /* Base */ = {isa = PBXFileReference; lastKnownFileType = file.storyboard; name = Base; path = Base.lproj/LaunchScreen.storyboard; sourceTree = "<group>"; };
		94D33B851CD68C7F00EC52DF /* Info.plist */ = {isa = PBXFileReference; lastKnownFileType = text.plist.xml; path = Info.plist; sourceTree = "<group>"; };
/* End PBXFileReference section */

/* Begin PBXFrameworksBuildPhase section */
		94D33B731CD68C7F00EC52DF /* Frameworks */ = {
			isa = PBXFrameworksBuildPhase;
			buildActionMask = 2147483647;
			files = (
			);
			runOnlyForDeploymentPostprocessing = 0;
		};
/* End PBXFrameworksBuildPhase section */

/* Begin PBXGroup section */
		94D33B6D1CD68C7F00EC52DF = {
			isa = PBXGroup;
			children = (
				94D33B781CD68C7F00EC52DF /* Attributed String Editor */,
				94D33B771CD68C7F00EC52DF /* Products */,
			);
			sourceTree = "<group>";
		};
		94D33B771CD68C7F00EC52DF /* Products */ = {
			isa = PBXGroup;
			children = (
				94D33B761CD68C7F00EC52DF /* Attributed String Editor.app */,
			);
			name = Products;
			sourceTree = "<group>";
		};
		94D33B781CD68C7F00EC52DF /* Attributed String Editor */ = {
			isa = PBXGroup;
			children = (
				94D33B791CD68C7F00EC52DF /* AppDelegate.swift */,
				94D33B7B1CD68C7F00EC52DF /* ViewController.swift */,
				94D33B7D1CD68C7F00EC52DF /* Main.storyboard */,
				94D33B801CD68C7F00EC52DF /* Assets.xcassets */,
				94D33B821CD68C7F00EC52DF /* LaunchScreen.storyboard */,
				94D33B851CD68C7F00EC52DF /* Info.plist */,
			);
			path = "Attributed String Editor";
			sourceTree = "<group>";
		};
/* End PBXGroup section */

/* Begin PBXNativeTarget section */
		94D33B751CD68C7F00EC52DF /* Attributed String Editor */ = {
			isa = PBXNativeTarget;
			buildConfigurationList = 94D33B881CD68C7F00EC52DF /* Build configuration list for PBXNativeTarget "Attributed String Editor" */;
			buildPhases = (
				94D33B721CD68C7F00EC52DF /* Sources */,
				94D33B731CD68C7F00EC52DF /* Frameworks */,
				94D33B741CD68C7F00EC52DF /* Resources */,
			);
			buildRules = (
			);
			dependencies = (
			);
			name = "Attributed String Editor";
			productName = "Attributed String Editor";
			productReference = 94D33B761CD68C7F00EC52DF /* Attributed String Editor.app */;
			productType = "com.apple.product-type.application";
		};
/* End PBXNativeTarget section */

/* Begin PBXProject section */
		94D33B6E1CD68C7F00EC52DF /* Project object */ = {
			isa = PBXProject;
			attributes = {
				LastSwiftUpdateCheck = 0730;
				LastUpgradeCheck = 0730;
				ORGANIZATIONNAME = "Cedar River Music";
				TargetAttributes = {
					94D33B751CD68C7F00EC52DF = {
						CreatedOnToolsVersion = 7.3;
					};
				};
			};
			buildConfigurationList = 94D33B711CD68C7F00EC52DF /* Build configuration list for PBXProject "Attributed String Editor" */;
			compatibilityVersion = "Xcode 3.2";
			developmentRegion = English;
			hasScannedForEncodings = 0;
			knownRegions = (
				en,
				Base,
			);
			mainGroup = 94D33B6D1CD68C7F00EC52DF;
			productRefGroup = 94D33B771CD68C7F00EC52DF /* Products */;
			projectDirPath = "";
			projectRoot = "";
			targets = (
				94D33B751CD68C7F00EC52DF /* Attributed String Editor */,
			);
		};
/* End PBXProject section */

/* Begin PBXResourcesBuildPhase section */
		94D33B741CD68C7F00EC52DF /* Resources */ = {
			isa = PBXResourcesBuildPhase;
			buildActionMask = 2147483647;
			files = (
				94D33B841CD68C7F00EC52DF /* LaunchScreen.storyboard in Resources */,
				94D33B811CD68C7F00EC52DF /* Assets.xcassets in Resources */,
				94D33B7F1CD68C7F00EC52DF /* Main.storyboard in Resources */,
			);
			runOnlyForDeploymentPostprocessing = 0;
		};
/* End PBXResourcesBuildPhase section */

/* Begin PBXSourcesBuildPhase section */
		94D33B721CD68C7F00EC52DF /* Sources */ = {
			isa = PBXSourcesBuildPhase;
			buildActionMask = 2147483647;
			files = (
				94D33B7C1CD68C7F00EC52DF /* ViewController.swift in Sources */,
				94D33B7A1CD68C7F00EC52DF /* AppDelegate.swift in Sources */,
			);
			runOnlyForDeploymentPostprocessing = 0;
		};
/* End PBXSourcesBuildPhase section */

/* Begin PBXVariantGroup section */
		94D33B7D1CD68C7F00EC52DF /* Main.storyboard */ = {
			isa = PBXVariantGroup;
			children = (
				94D33B7E1CD68C7F00EC52DF /* Base */,
			);
			name = Main.storyboard;
			sourceTree = "<group>";
		};
		94D33B821CD68C7F00EC52DF /* LaunchScreen.storyboard */ = {
			isa = PBXVariantGroup;
			children = (
				94D33B831CD68C7F00EC52DF /* Base */,
			);
			name = LaunchScreen.storyboard;
			sourceTree = "<group>";
		};
/* End PBXVariantGroup section */

/* Begin XCBuildConfiguration section */
		94D33B861CD68C7F00EC52DF /* Debug */ = {
			isa = XCBuildConfiguration;
			buildSettings = {
				ALWAYS_SEARCH_USER_PATHS = NO;
				CLANG_ANALYZER_NONNULL = YES;
				CLANG_CXX_LANGUAGE_STANDARD = "gnu++0x";
				CLANG_CXX_LIBRARY = "libc++";
				CLANG_ENABLE_MODULES = YES;
				CLANG_ENABLE_OBJC_ARC = YES;
				CLANG_WARN_BOOL_CONVERSION = YES;
				CLANG_WARN_CONSTANT_CONVERSION = YES;
				CLANG_WARN_DIRECT_OBJC_ISA_USAGE = YES_ERROR;
				CLANG_WARN_EMPTY_BODY = YES;
				CLANG_WARN_ENUM_CONVERSION = YES;
				CLANG_WARN_INT_CONVERSION = YES;
				CLANG_WARN_OBJC_ROOT_CLASS = YES_ERROR;
				CLANG_WARN_UNREACHABLE_CODE = YES;
				CLANG_WARN__DUPLICATE_METHOD_MATCH = YES;
				"CODE_SIGN_IDENTITY[sdk=iphoneos*]" = "iPhone Developer";
				COPY_PHASE_STRIP = NO;
				DEBUG_INFORMATION_FORMAT = dwarf;
				ENABLE_STRICT_OBJC_MSGSEND = YES;
				ENABLE_TESTABILITY = YES;
				GCC_C_LANGUAGE_STANDARD = gnu99;
				GCC_DYNAMIC_NO_PIC = NO;
				GCC_NO_COMMON_BLOCKS = YES;
				GCC_OPTIMIZATION_LEVEL = 0;
				GCC_PREPROCESSOR_DEFINITIONS = (
					"DEBUG=1",
					"$(inherited)",
				);
				GCC_WARN_64_TO_32_BIT_CONVERSION = YES;
				GCC_WARN_ABOUT_RETURN_TYPE = YES_ERROR;
				GCC_WARN_UNDECLARED_SELECTOR = YES;
				GCC_WARN_UNINITIALIZED_AUTOS = YES_AGGRESSIVE;
				GCC_WARN_UNUSED_FUNCTION = YES;
				GCC_WARN_UNUSED_VARIABLE = YES;
				IPHONEOS_DEPLOYMENT_TARGET = 9.3;
				MTL_ENABLE_DEBUG_INFO = YES;
				ONLY_ACTIVE_ARCH = YES;
				SDKROOT = iphoneos;
				SWIFT_OPTIMIZATION_LEVEL = "-Onone";
				TARGETED_DEVICE_FAMILY = "1,2";
			};
			name = Debug;
		};
		94D33B871CD68C7F00EC52DF /* Release */ = {
			isa = XCBuildConfiguration;
			buildSettings = {
				ALWAYS_SEARCH_USER_PATHS = NO;
				CLANG_ANALYZER_NONNULL = YES;
				CLANG_CXX_LANGUAGE_STANDARD = "gnu++0x";
				CLANG_CXX_LIBRARY = "libc++";
				CLANG_ENABLE_MODULES = YES;
				CLANG_ENABLE_OBJC_ARC = YES;
				CLANG_WARN_BOOL_CONVERSION = YES;
				CLANG_WARN_CONSTANT_CONVERSION = YES;
				CLANG_WARN_DIRECT_OBJC_ISA_USAGE = YES_ERROR;
				CLANG_WARN_EMPTY_BODY = YES;
				CLANG_WARN_ENUM_CONVERSION = YES;
				CLANG_WARN_INT_CONVERSION = YES;
				CLANG_WARN_OBJC_ROOT_CLASS = YES_ERROR;
				CLANG_WARN_UNREACHABLE_CODE = YES;
				CLANG_WARN__DUPLICATE_METHOD_MATCH = YES;
				"CODE_SIGN_IDENTITY[sdk=iphoneos*]" = "iPhone Developer";
				COPY_PHASE_STRIP = NO;
				DEBUG_INFORMATION_FORMAT = "dwarf-with-dsym";
				ENABLE_NS_ASSERTIONS = NO;
				ENABLE_STRICT_OBJC_MSGSEND = YES;
				GCC_C_LANGUAGE_STANDARD = gnu99;
				GCC_NO_COMMON_BLOCKS = YES;
				GCC_WARN_64_TO_32_BIT_CONVERSION = YES;
				GCC_WARN_ABOUT_RETURN_TYPE = YES_ERROR;
				GCC_WARN_UNDECLARED_SELECTOR = YES;
				GCC_WARN_UNINITIALIZED_AUTOS = YES_AGGRESSIVE;
				GCC_WARN_UNUSED_FUNCTION = YES;
				GCC_WARN_UNUSED_VARIABLE = YES;
				IPHONEOS_DEPLOYMENT_TARGET = 9.3;
				MTL_ENABLE_DEBUG_INFO = NO;
				SDKROOT = iphoneos;
				TARGETED_DEVICE_FAMILY = "1,2";
				VALIDATE_PRODUCT = YES;
			};
			name = Release;
		};
		94D33B891CD68C7F00EC52DF /* Debug */ = {
			isa = XCBuildConfiguration;
			buildSettings = {
				ASSETCATALOG_COMPILER_APPICON_NAME = AppIcon;
				INFOPLIST_FILE = "Attributed String Editor/Info.plist";
				LD_RUNPATH_SEARCH_PATHS = "$(inherited) @executable_path/Frameworks";
				PRODUCT_BUNDLE_IDENTIFIER = "com.cedarrivermusic.Attributed-String-Editor";
				PRODUCT_NAME = "$(TARGET_NAME)";
			};
			name = Debug;
		};
		94D33B8A1CD68C7F00EC52DF /* Release */ = {
			isa = XCBuildConfiguration;
			buildSettings = {
				ASSETCATALOG_COMPILER_APPICON_NAME = AppIcon;
				INFOPLIST_FILE = "Attributed String Editor/Info.plist";
				LD_RUNPATH_SEARCH_PATHS = "$(inherited) @executable_path/Frameworks";
				PRODUCT_BUNDLE_IDENTIFIER = "com.cedarrivermusic.Attributed-String-Editor";
				PRODUCT_NAME = "$(TARGET_NAME)";
			};
			name = Release;
		};
/* End XCBuildConfiguration section */

/* Begin XCConfigurationList section */
		94D33B711CD68C7F00EC52DF /* Build configuration list for PBXProject "Attributed String Editor" */ = {
			isa = XCConfigurationList;
			buildConfigurations = (
				94D33B861CD68C7F00EC52DF /* Debug */,
				94D33B871CD68C7F00EC52DF /* Release */,
			);
			defaultConfigurationIsVisible = 0;
			defaultConfigurationName = Release;
		};
		94D33B881CD68C7F00EC52DF /* Build configuration list for PBXNativeTarget "Attributed String Editor" */ = {
			isa = XCConfigurationList;
			buildConfigurations = (
				94D33B891CD68C7F00EC52DF /* Debug */,
				94D33B8A1CD68C7F00EC52DF /* Release */,
			);
			defaultConfigurationIsVisible = 0;
		};
/* End XCConfigurationList section */
	};
	rootObject = 94D33B6E1CD68C7F00EC52DF /* Project object */;
}
